// !$*UTF8*$!
{
	archiveVersion = 1;
	classes = {
	};
	objectVersion = 46;
	objects = {

/* Begin PBXBuildFile section */
		4507E70419726E3A000628DE /* CoreGraphics.framework in Frameworks */ = {isa = PBXBuildFile; fileRef = 4507E70119726E3A000628DE /* CoreGraphics.framework */; };
		4508C6011A9EB548007411D6 /* Utilities.swift in Sources */ = {isa = PBXBuildFile; fileRef = 4508C6001A9EB548007411D6 /* Utilities.swift */; };
		453544A61BF5A38E00F6D84B /* Default-568h@2x.png in Resources */ = {isa = PBXBuildFile; fileRef = 453544A51BF5A38E00F6D84B /* Default-568h@2x.png */; settings = {ASSET_TAGS = (); }; };
		455280DB1975FD27006C2DEA /* pub-menu.pdf in Resources */ = {isa = PBXBuildFile; fileRef = 455280DA1975FD27006C2DEA /* pub-menu.pdf */; };
		4552811E19763ACE006C2DEA /* SystemConfiguration.framework in Frameworks */ = {isa = PBXBuildFile; fileRef = 4552811D19763ACE006C2DEA /* SystemConfiguration.framework */; };
		4552812019763AD4006C2DEA /* MobileCoreServices.framework in Frameworks */ = {isa = PBXBuildFile; fileRef = 4552811F19763AD4006C2DEA /* MobileCoreServices.framework */; };
		4552812219763AEB006C2DEA /* libz.1.2.5.dylib in Frameworks */ = {isa = PBXBuildFile; fileRef = 4552812119763AEB006C2DEA /* libz.1.2.5.dylib */; };
		4552AD661997D23E00F2BBF5 /* Main.storyboard in Resources */ = {isa = PBXBuildFile; fileRef = 4552AD651997D23E00F2BBF5 /* Main.storyboard */; };
		455578C819E75017004A4B21 /* TransactionsViewController.swift in Sources */ = {isa = PBXBuildFile; fileRef = 455578C719E75017004A4B21 /* TransactionsViewController.swift */; };
		455578CA19E7552E004A4B21 /* Transaction.swift in Sources */ = {isa = PBXBuildFile; fileRef = 455578C919E7552E004A4B21 /* Transaction.swift */; };
		4563386519E77E040042B372 /* TransactionCell.xib in Resources */ = {isa = PBXBuildFile; fileRef = 4563386419E77E040042B372 /* TransactionCell.xib */; };
		4563386719E77F320042B372 /* TransactionCell.swift in Sources */ = {isa = PBXBuildFile; fileRef = 4563386619E77F320042B372 /* TransactionCell.swift */; };
		4563386919E7901A0042B372 /* Launch Screen.xib in Resources */ = {isa = PBXBuildFile; fileRef = 4563386819E7901A0042B372 /* Launch Screen.xib */; };
		4569C77A1999113400A531E2 /* CFNetwork.framework in Frameworks */ = {isa = PBXBuildFile; fileRef = 4552811B19763AC0006C2DEA /* CFNetwork.framework */; settings = {ATTRIBUTES = (Required, ); }; };
		4569C77C199911B400A531E2 /* UIKit.framework in Frameworks */ = {isa = PBXBuildFile; fileRef = 4507E70319726E3A000628DE /* UIKit.framework */; settings = {ATTRIBUTES = (Weak, ); }; };
		4569C77D199911BD00A531E2 /* Foundation.framework in Frameworks */ = {isa = PBXBuildFile; fileRef = 4507E70219726E3A000628DE /* Foundation.framework */; };
		457B28D01AE8113A002DCA8A /* MenuViewController.swift in Sources */ = {isa = PBXBuildFile; fileRef = 457B28CF1AE8113A002DCA8A /* MenuViewController.swift */; };
		457E8F6B1B0548A300BA720A /* AppDelegate.swift in Sources */ = {isa = PBXBuildFile; fileRef = 457E8F6A1B0548A300BA720A /* AppDelegate.swift */; };
		457E8F6D1B0548A300BA720A /* ViewController.swift in Sources */ = {isa = PBXBuildFile; fileRef = 457E8F6C1B0548A300BA720A /* ViewController.swift */; };
		457E8F6F1B0548A300BA720A /* Images.xcassets in Resources */ = {isa = PBXBuildFile; fileRef = 457E8F6E1B0548A300BA720A /* Images.xcassets */; };
		457E8F721B0548A300BA720A /* Main.storyboard in Resources */ = {isa = PBXBuildFile; fileRef = 457E8F701B0548A300BA720A /* Main.storyboard */; };
		457E8F7E1B0548A300BA720A /* Bowdoin_Dining_for_MacTests.swift in Sources */ = {isa = PBXBuildFile; fileRef = 457E8F7D1B0548A300BA720A /* Bowdoin_Dining_for_MacTests.swift */; };
		459D4C821983199B00573069 /* Menus.swift in Sources */ = {isa = PBXBuildFile; fileRef = 459D4C811983199B00573069 /* Menus.swift */; };
		45A64F8D1986B02600EF19DE /* GDataXMLNode.m in Sources */ = {isa = PBXBuildFile; fileRef = 45A64F8C1986B02600EF19DE /* GDataXMLNode.m */; };
		45A64F8F198712E600EF19DE /* BowdoinAPIController.swift in Sources */ = {isa = PBXBuildFile; fileRef = 45A64F8E198712E600EF19DE /* BowdoinAPIController.swift */; };
		45A693231A966A4600B61E82 /* BowdoinAPIParser.swift in Sources */ = {isa = PBXBuildFile; fileRef = 45A693221A966A4600B61E82 /* BowdoinAPIParser.swift */; };
		45A9205F197815AB00768D46 /* PubViewController.swift in Sources */ = {isa = PBXBuildFile; fileRef = 45A9205E197815AB00768D46 /* PubViewController.swift */; };
		45A9206119781AF400768D46 /* SettingsViewController.swift in Sources */ = {isa = PBXBuildFile; fileRef = 45A9206019781AF400768D46 /* SettingsViewController.swift */; };
		45A9206319781F7A00768D46 /* AppDelegate.swift in Sources */ = {isa = PBXBuildFile; fileRef = 45A9206219781F7A00768D46 /* AppDelegate.swift */; };
		45AAB59C1970636E0078A7F9 /* Images.xcassets in Resources */ = {isa = PBXBuildFile; fileRef = 45AAB59B1970636E0078A7F9 /* Images.xcassets */; };
		45AAB5A81970636F0078A7F9 /* Bowdoin_DiningTests.m in Sources */ = {isa = PBXBuildFile; fileRef = 45AAB5A71970636F0078A7F9 /* Bowdoin_DiningTests.m */; };
		45BE7FB51978567A0024167A /* User.swift in Sources */ = {isa = PBXBuildFile; fileRef = 45BE7FB41978567A0024167A /* User.swift */; };
		45BE7FBA1978E09F0024167A /* LoginModalViewController.swift in Sources */ = {isa = PBXBuildFile; fileRef = 45BE7FB91978E09F0024167A /* LoginModalViewController.swift */; };
		45BE7FBC197995C80024167A /* Course.swift in Sources */ = {isa = PBXBuildFile; fileRef = 45BE7FBB197995C80024167A /* Course.swift */; };
		45BE7FBE19799CC90024167A /* MenuItem.swift in Sources */ = {isa = PBXBuildFile; fileRef = 45BE7FBD19799CC90024167A /* MenuItem.swift */; };
		45BE7FC41979B1630024167A /* CoreData.framework in Frameworks */ = {isa = PBXBuildFile; fileRef = 45BE7FC21979B1630024167A /* CoreData.framework */; };
		45FDA6CA197F3F0D00C8F6BD /* AccountViewController.swift in Sources */ = {isa = PBXBuildFile; fileRef = 45FDA6C9197F3F0D00C8F6BD /* AccountViewController.swift */; };
/* End PBXBuildFile section */

/* Begin PBXContainerItemProxy section */
		457E8F781B0548A300BA720A /* PBXContainerItemProxy */ = {
			isa = PBXContainerItemProxy;
			containerPortal = 45AAB5801970636E0078A7F9 /* Project object */;
			proxyType = 1;
			remoteGlobalIDString = 457E8F651B0548A300BA720A;
			remoteInfo = "Bowdoin Dining for Mac";
		};
		45AAB5A21970636F0078A7F9 /* PBXContainerItemProxy */ = {
			isa = PBXContainerItemProxy;
			containerPortal = 45AAB5801970636E0078A7F9 /* Project object */;
			proxyType = 1;
			remoteGlobalIDString = 45AAB5871970636E0078A7F9;
			remoteInfo = "Bowdoin Dining";
		};
/* End PBXContainerItemProxy section */

/* Begin PBXCopyFilesBuildPhase section */
		454158051BF4137A00894DEB /* Embed Watch Content */ = {
			isa = PBXCopyFilesBuildPhase;
			buildActionMask = 2147483647;
			dstPath = "$(CONTENTS_FOLDER_PATH)/Watch";
			dstSubfolderSpec = 16;
			files = (
			);
			name = "Embed Watch Content";
			runOnlyForDeploymentPostprocessing = 0;
		};
/* End PBXCopyFilesBuildPhase section */

/* Begin PBXFileReference section */
		4507E70119726E3A000628DE /* CoreGraphics.framework */ = {isa = PBXFileReference; lastKnownFileType = wrapper.framework; name = CoreGraphics.framework; path = System/Library/Frameworks/CoreGraphics.framework; sourceTree = SDKROOT; };
		4507E70219726E3A000628DE /* Foundation.framework */ = {isa = PBXFileReference; lastKnownFileType = wrapper.framework; name = Foundation.framework; path = System/Library/Frameworks/Foundation.framework; sourceTree = SDKROOT; };
		4507E70319726E3A000628DE /* UIKit.framework */ = {isa = PBXFileReference; lastKnownFileType = wrapper.framework; name = UIKit.framework; path = System/Library/Frameworks/UIKit.framework; sourceTree = SDKROOT; };
		4508C6001A9EB548007411D6 /* Utilities.swift */ = {isa = PBXFileReference; fileEncoding = 4; lastKnownFileType = sourcecode.swift; path = Utilities.swift; sourceTree = "<group>"; };
		453544A51BF5A38E00F6D84B /* Default-568h@2x.png */ = {isa = PBXFileReference; lastKnownFileType = image.png; path = "Default-568h@2x.png"; sourceTree = "<group>"; };
		455280DA1975FD27006C2DEA /* pub-menu.pdf */ = {isa = PBXFileReference; lastKnownFileType = image.pdf; path = "pub-menu.pdf"; sourceTree = "<group>"; };
		4552811B19763AC0006C2DEA /* CFNetwork.framework */ = {isa = PBXFileReference; lastKnownFileType = wrapper.framework; name = CFNetwork.framework; path = System/Library/Frameworks/CFNetwork.framework; sourceTree = SDKROOT; };
		4552811D19763ACE006C2DEA /* SystemConfiguration.framework */ = {isa = PBXFileReference; lastKnownFileType = wrapper.framework; name = SystemConfiguration.framework; path = System/Library/Frameworks/SystemConfiguration.framework; sourceTree = SDKROOT; };
		4552811F19763AD4006C2DEA /* MobileCoreServices.framework */ = {isa = PBXFileReference; lastKnownFileType = wrapper.framework; name = MobileCoreServices.framework; path = System/Library/Frameworks/MobileCoreServices.framework; sourceTree = SDKROOT; };
		4552812119763AEB006C2DEA /* libz.1.2.5.dylib */ = {isa = PBXFileReference; lastKnownFileType = "compiled.mach-o.dylib"; name = libz.1.2.5.dylib; path = usr/lib/libz.1.2.5.dylib; sourceTree = SDKROOT; };
		4552AD651997D23E00F2BBF5 /* Main.storyboard */ = {isa = PBXFileReference; fileEncoding = 4; lastKnownFileType = file.storyboard; path = Main.storyboard; sourceTree = "<group>"; };
		455578C719E75017004A4B21 /* TransactionsViewController.swift */ = {isa = PBXFileReference; fileEncoding = 4; lastKnownFileType = sourcecode.swift; path = TransactionsViewController.swift; sourceTree = "<group>"; };
		455578C919E7552E004A4B21 /* Transaction.swift */ = {isa = PBXFileReference; fileEncoding = 4; lastKnownFileType = sourcecode.swift; path = Transaction.swift; sourceTree = "<group>"; };
		4563386419E77E040042B372 /* TransactionCell.xib */ = {isa = PBXFileReference; fileEncoding = 4; lastKnownFileType = file.xib; path = TransactionCell.xib; sourceTree = "<group>"; };
		4563386619E77F320042B372 /* TransactionCell.swift */ = {isa = PBXFileReference; fileEncoding = 4; lastKnownFileType = sourcecode.swift; path = TransactionCell.swift; sourceTree = "<group>"; };
		4563386819E7901A0042B372 /* Launch Screen.xib */ = {isa = PBXFileReference; fileEncoding = 4; lastKnownFileType = file.xib; path = "Launch Screen.xib"; sourceTree = "<group>"; };
		457B28CF1AE8113A002DCA8A /* MenuViewController.swift */ = {isa = PBXFileReference; fileEncoding = 4; lastKnownFileType = sourcecode.swift; path = MenuViewController.swift; sourceTree = "<group>"; };
		457E8F661B0548A300BA720A /* Bowdoin Dining for Mac.app */ = {isa = PBXFileReference; explicitFileType = wrapper.application; includeInIndex = 0; path = "Bowdoin Dining for Mac.app"; sourceTree = BUILT_PRODUCTS_DIR; };
		457E8F691B0548A300BA720A /* Info.plist */ = {isa = PBXFileReference; lastKnownFileType = text.plist.xml; path = Info.plist; sourceTree = "<group>"; };
		457E8F6A1B0548A300BA720A /* AppDelegate.swift */ = {isa = PBXFileReference; lastKnownFileType = sourcecode.swift; path = AppDelegate.swift; sourceTree = "<group>"; };
		457E8F6C1B0548A300BA720A /* ViewController.swift */ = {isa = PBXFileReference; lastKnownFileType = sourcecode.swift; path = ViewController.swift; sourceTree = "<group>"; };
		457E8F6E1B0548A300BA720A /* Images.xcassets */ = {isa = PBXFileReference; lastKnownFileType = folder.assetcatalog; path = Images.xcassets; sourceTree = "<group>"; };
		457E8F711B0548A300BA720A /* Base */ = {isa = PBXFileReference; lastKnownFileType = file.storyboard; name = Base; path = Base.lproj/Main.storyboard; sourceTree = "<group>"; };
		457E8F771B0548A300BA720A /* Bowdoin Dining for MacTests.xctest */ = {isa = PBXFileReference; explicitFileType = wrapper.cfbundle; includeInIndex = 0; path = "Bowdoin Dining for MacTests.xctest"; sourceTree = BUILT_PRODUCTS_DIR; };
		457E8F7C1B0548A300BA720A /* Info.plist */ = {isa = PBXFileReference; lastKnownFileType = text.plist.xml; path = Info.plist; sourceTree = "<group>"; };
		457E8F7D1B0548A300BA720A /* Bowdoin_Dining_for_MacTests.swift */ = {isa = PBXFileReference; lastKnownFileType = sourcecode.swift; path = Bowdoin_Dining_for_MacTests.swift; sourceTree = "<group>"; };
		459D4C811983199B00573069 /* Menus.swift */ = {isa = PBXFileReference; fileEncoding = 4; lastKnownFileType = sourcecode.swift; path = Menus.swift; sourceTree = "<group>"; };
		45A64F8B1986B02600EF19DE /* GDataXMLNode.h */ = {isa = PBXFileReference; fileEncoding = 4; lastKnownFileType = sourcecode.c.h; path = GDataXMLNode.h; sourceTree = "<group>"; };
		45A64F8C1986B02600EF19DE /* GDataXMLNode.m */ = {isa = PBXFileReference; fileEncoding = 4; lastKnownFileType = sourcecode.c.objc; path = GDataXMLNode.m; sourceTree = "<group>"; };
		45A64F8E198712E600EF19DE /* BowdoinAPIController.swift */ = {isa = PBXFileReference; fileEncoding = 4; lastKnownFileType = sourcecode.swift; path = BowdoinAPIController.swift; sourceTree = "<group>"; };
		45A693221A966A4600B61E82 /* BowdoinAPIParser.swift */ = {isa = PBXFileReference; fileEncoding = 4; lastKnownFileType = sourcecode.swift; path = BowdoinAPIParser.swift; sourceTree = "<group>"; };
		45A9205D197815AB00768D46 /* Bowdoin Dining-Bridging-Header.h */ = {isa = PBXFileReference; lastKnownFileType = sourcecode.c.h; path = "Bowdoin Dining-Bridging-Header.h"; sourceTree = "<group>"; };
		45A9205E197815AB00768D46 /* PubViewController.swift */ = {isa = PBXFileReference; fileEncoding = 4; lastKnownFileType = sourcecode.swift; path = PubViewController.swift; sourceTree = "<group>"; };
		45A9206019781AF400768D46 /* SettingsViewController.swift */ = {isa = PBXFileReference; fileEncoding = 4; lastKnownFileType = sourcecode.swift; path = SettingsViewController.swift; sourceTree = "<group>"; };
		45A9206219781F7A00768D46 /* AppDelegate.swift */ = {isa = PBXFileReference; fileEncoding = 4; lastKnownFileType = sourcecode.swift; path = AppDelegate.swift; sourceTree = "<group>"; };
		45AAB5881970636E0078A7F9 /* Bowdoin Dining.app */ = {isa = PBXFileReference; explicitFileType = wrapper.application; includeInIndex = 0; path = "Bowdoin Dining.app"; sourceTree = BUILT_PRODUCTS_DIR; };
		45AAB58C1970636E0078A7F9 /* Info.plist */ = {isa = PBXFileReference; lastKnownFileType = text.plist.xml; path = Info.plist; sourceTree = "<group>"; };
		45AAB59B1970636E0078A7F9 /* Images.xcassets */ = {isa = PBXFileReference; lastKnownFileType = folder.assetcatalog; path = Images.xcassets; sourceTree = "<group>"; };
		45AAB5A11970636F0078A7F9 /* Bowdoin DiningTests.xctest */ = {isa = PBXFileReference; explicitFileType = wrapper.cfbundle; includeInIndex = 0; path = "Bowdoin DiningTests.xctest"; sourceTree = BUILT_PRODUCTS_DIR; };
		45AAB5A61970636F0078A7F9 /* Info.plist */ = {isa = PBXFileReference; lastKnownFileType = text.plist.xml; path = Info.plist; sourceTree = "<group>"; };
		45AAB5A71970636F0078A7F9 /* Bowdoin_DiningTests.m */ = {isa = PBXFileReference; lastKnownFileType = sourcecode.c.objc; path = Bowdoin_DiningTests.m; sourceTree = "<group>"; };
		45BE7FB41978567A0024167A /* User.swift */ = {isa = PBXFileReference; fileEncoding = 4; lastKnownFileType = sourcecode.swift; path = User.swift; sourceTree = "<group>"; };
		45BE7FB91978E09F0024167A /* LoginModalViewController.swift */ = {isa = PBXFileReference; fileEncoding = 4; lastKnownFileType = sourcecode.swift; path = LoginModalViewController.swift; sourceTree = "<group>"; };
		45BE7FBB197995C80024167A /* Course.swift */ = {isa = PBXFileReference; fileEncoding = 4; lastKnownFileType = sourcecode.swift; path = Course.swift; sourceTree = "<group>"; };
		45BE7FBD19799CC90024167A /* MenuItem.swift */ = {isa = PBXFileReference; fileEncoding = 4; lastKnownFileType = sourcecode.swift; path = MenuItem.swift; sourceTree = "<group>"; };
		45BE7FC11979B1630024167A /* AddressBook.framework */ = {isa = PBXFileReference; lastKnownFileType = wrapper.framework; name = AddressBook.framework; path = System/Library/Frameworks/AddressBook.framework; sourceTree = SDKROOT; };
		45BE7FC21979B1630024167A /* CoreData.framework */ = {isa = PBXFileReference; lastKnownFileType = wrapper.framework; name = CoreData.framework; path = System/Library/Frameworks/CoreData.framework; sourceTree = SDKROOT; };
		45CC82991973320D008A391C /* CoreLocation.framework */ = {isa = PBXFileReference; lastKnownFileType = wrapper.framework; name = CoreLocation.framework; path = System/Library/Frameworks/CoreLocation.framework; sourceTree = SDKROOT; };
		45FDA6C9197F3F0D00C8F6BD /* AccountViewController.swift */ = {isa = PBXFileReference; fileEncoding = 4; lastKnownFileType = sourcecode.swift; path = AccountViewController.swift; sourceTree = "<group>"; };
/* End PBXFileReference section */

/* Begin PBXFrameworksBuildPhase section */
		457E8F631B0548A300BA720A /* Frameworks */ = {
			isa = PBXFrameworksBuildPhase;
			buildActionMask = 2147483647;
			files = (
			);
			runOnlyForDeploymentPostprocessing = 0;
		};
		457E8F741B0548A300BA720A /* Frameworks */ = {
			isa = PBXFrameworksBuildPhase;
			buildActionMask = 2147483647;
			files = (
			);
			runOnlyForDeploymentPostprocessing = 0;
		};
		45AAB5851970636E0078A7F9 /* Frameworks */ = {
			isa = PBXFrameworksBuildPhase;
			buildActionMask = 2147483647;
			files = (
				4569C77D199911BD00A531E2 /* Foundation.framework in Frameworks */,
				4569C77C199911B400A531E2 /* UIKit.framework in Frameworks */,
				4569C77A1999113400A531E2 /* CFNetwork.framework in Frameworks */,
				45BE7FC41979B1630024167A /* CoreData.framework in Frameworks */,
				4552812219763AEB006C2DEA /* libz.1.2.5.dylib in Frameworks */,
				4552812019763AD4006C2DEA /* MobileCoreServices.framework in Frameworks */,
				4552811E19763ACE006C2DEA /* SystemConfiguration.framework in Frameworks */,
				4507E70419726E3A000628DE /* CoreGraphics.framework in Frameworks */,
			);
			runOnlyForDeploymentPostprocessing = 0;
		};
		45AAB59E1970636F0078A7F9 /* Frameworks */ = {
			isa = PBXFrameworksBuildPhase;
			buildActionMask = 2147483647;
			files = (
			);
			runOnlyForDeploymentPostprocessing = 0;
		};
/* End PBXFrameworksBuildPhase section */

/* Begin PBXGroup section */
		4507E70719726E53000628DE /* Frameworks */ = {
			isa = PBXGroup;
			children = (
				45BE7FC11979B1630024167A /* AddressBook.framework */,
				45BE7FC21979B1630024167A /* CoreData.framework */,
				4552812119763AEB006C2DEA /* libz.1.2.5.dylib */,
				4552811F19763AD4006C2DEA /* MobileCoreServices.framework */,
				4552811D19763ACE006C2DEA /* SystemConfiguration.framework */,
				4552811B19763AC0006C2DEA /* CFNetwork.framework */,
				45CC82991973320D008A391C /* CoreLocation.framework */,
				4507E70119726E3A000628DE /* CoreGraphics.framework */,
				4507E70219726E3A000628DE /* Foundation.framework */,
				4507E70319726E3A000628DE /* UIKit.framework */,
			);
			name = Frameworks;
			sourceTree = "<group>";
		};
		457E8F671B0548A300BA720A /* Bowdoin Dining for Mac */ = {
			isa = PBXGroup;
			children = (
				457E8F6A1B0548A300BA720A /* AppDelegate.swift */,
				457E8F6C1B0548A300BA720A /* ViewController.swift */,
				457E8F6E1B0548A300BA720A /* Images.xcassets */,
				457E8F701B0548A300BA720A /* Main.storyboard */,
				457E8F681B0548A300BA720A /* Supporting Files */,
			);
			path = "Bowdoin Dining for Mac";
			sourceTree = "<group>";
		};
		457E8F681B0548A300BA720A /* Supporting Files */ = {
			isa = PBXGroup;
			children = (
				457E8F691B0548A300BA720A /* Info.plist */,
			);
			name = "Supporting Files";
			sourceTree = "<group>";
		};
		457E8F7A1B0548A300BA720A /* Bowdoin Dining for MacTests */ = {
			isa = PBXGroup;
			children = (
				457E8F7D1B0548A300BA720A /* Bowdoin_Dining_for_MacTests.swift */,
				457E8F7B1B0548A300BA720A /* Supporting Files */,
			);
			path = "Bowdoin Dining for MacTests";
			sourceTree = "<group>";
		};
		457E8F7B1B0548A300BA720A /* Supporting Files */ = {
			isa = PBXGroup;
			children = (
				457E8F7C1B0548A300BA720A /* Info.plist */,
			);
			name = "Supporting Files";
			sourceTree = "<group>";
		};
		45AAB57F1970636E0078A7F9 = {
			isa = PBXGroup;
			children = (
				453544A51BF5A38E00F6D84B /* Default-568h@2x.png */,
				457E8F671B0548A300BA720A /* Bowdoin Dining for Mac */,
				457E8F7A1B0548A300BA720A /* Bowdoin Dining for MacTests */,
				4507E70719726E53000628DE /* Frameworks */,
				45AAB58A1970636E0078A7F9 /* Bowdoin Dining */,
				45AAB5A41970636F0078A7F9 /* Bowdoin DiningTests */,
				45AAB5891970636E0078A7F9 /* Products */,
			);
			sourceTree = "<group>";
		};
		45AAB5891970636E0078A7F9 /* Products */ = {
			isa = PBXGroup;
			children = (
				45AAB5881970636E0078A7F9 /* Bowdoin Dining.app */,
				45AAB5A11970636F0078A7F9 /* Bowdoin DiningTests.xctest */,
				457E8F661B0548A300BA720A /* Bowdoin Dining for Mac.app */,
				457E8F771B0548A300BA720A /* Bowdoin Dining for MacTests.xctest */,
			);
			name = Products;
			sourceTree = "<group>";
		};
		45AAB58A1970636E0078A7F9 /* Bowdoin Dining */ = {
			isa = PBXGroup;
			children = (
				4563386819E7901A0042B372 /* Launch Screen.xib */,
				4552AD651997D23E00F2BBF5 /* Main.storyboard */,
				45A9206219781F7A00768D46 /* AppDelegate.swift */,
				457B28CF1AE8113A002DCA8A /* MenuViewController.swift */,
				45A9205E197815AB00768D46 /* PubViewController.swift */,
				45FDA6C9197F3F0D00C8F6BD /* AccountViewController.swift */,
				45BE7FB91978E09F0024167A /* LoginModalViewController.swift */,
				455578C719E75017004A4B21 /* TransactionsViewController.swift */,
				45A9206019781AF400768D46 /* SettingsViewController.swift */,
				45BE7FB41978567A0024167A /* User.swift */,
				45A693221A966A4600B61E82 /* BowdoinAPIParser.swift */,
				45A64F8E198712E600EF19DE /* BowdoinAPIController.swift */,
				459D4C811983199B00573069 /* Menus.swift */,
				45BE7FBB197995C80024167A /* Course.swift */,
				455578C919E7552E004A4B21 /* Transaction.swift */,
				4563386419E77E040042B372 /* TransactionCell.xib */,
				4563386619E77F320042B372 /* TransactionCell.swift */,
				45BE7FBD19799CC90024167A /* MenuItem.swift */,
				45A9205D197815AB00768D46 /* Bowdoin Dining-Bridging-Header.h */,
				45A64F8B1986B02600EF19DE /* GDataXMLNode.h */,
				45A64F8C1986B02600EF19DE /* GDataXMLNode.m */,
				4508C6001A9EB548007411D6 /* Utilities.swift */,
				45AAB59B1970636E0078A7F9 /* Images.xcassets */,
				455280DA1975FD27006C2DEA /* pub-menu.pdf */,
				45AAB58B1970636E0078A7F9 /* Supporting Files */,
			);
			path = "Bowdoin Dining";
			sourceTree = "<group>";
		};
		45AAB58B1970636E0078A7F9 /* Supporting Files */ = {
			isa = PBXGroup;
			children = (
				45AAB58C1970636E0078A7F9 /* Info.plist */,
			);
			name = "Supporting Files";
			sourceTree = "<group>";
		};
		45AAB5A41970636F0078A7F9 /* Bowdoin DiningTests */ = {
			isa = PBXGroup;
			children = (
				45AAB5A71970636F0078A7F9 /* Bowdoin_DiningTests.m */,
				45AAB5A51970636F0078A7F9 /* Supporting Files */,
			);
			path = "Bowdoin DiningTests";
			sourceTree = "<group>";
		};
		45AAB5A51970636F0078A7F9 /* Supporting Files */ = {
			isa = PBXGroup;
			children = (
				45AAB5A61970636F0078A7F9 /* Info.plist */,
			);
			name = "Supporting Files";
			sourceTree = "<group>";
		};
/* End PBXGroup section */

/* Begin PBXNativeTarget section */
		457E8F651B0548A300BA720A /* Bowdoin Dining for Mac */ = {
			isa = PBXNativeTarget;
			buildConfigurationList = 457E8F831B0548A300BA720A /* Build configuration list for PBXNativeTarget "Bowdoin Dining for Mac" */;
			buildPhases = (
				457E8F621B0548A300BA720A /* Sources */,
				457E8F631B0548A300BA720A /* Frameworks */,
				457E8F641B0548A300BA720A /* Resources */,
			);
			buildRules = (
			);
			dependencies = (
			);
			name = "Bowdoin Dining for Mac";
			productName = "Bowdoin Dining for Mac";
			productReference = 457E8F661B0548A300BA720A /* Bowdoin Dining for Mac.app */;
			productType = "com.apple.product-type.application";
		};
		457E8F761B0548A300BA720A /* Bowdoin Dining for MacTests */ = {
			isa = PBXNativeTarget;
			buildConfigurationList = 457E8F841B0548A300BA720A /* Build configuration list for PBXNativeTarget "Bowdoin Dining for MacTests" */;
			buildPhases = (
				457E8F731B0548A300BA720A /* Sources */,
				457E8F741B0548A300BA720A /* Frameworks */,
				457E8F751B0548A300BA720A /* Resources */,
			);
			buildRules = (
			);
			dependencies = (
				457E8F791B0548A300BA720A /* PBXTargetDependency */,
			);
			name = "Bowdoin Dining for MacTests";
			productName = "Bowdoin Dining for MacTests";
			productReference = 457E8F771B0548A300BA720A /* Bowdoin Dining for MacTests.xctest */;
			productType = "com.apple.product-type.bundle.unit-test";
		};
		45AAB5871970636E0078A7F9 /* Bowdoin Dining */ = {
			isa = PBXNativeTarget;
			buildConfigurationList = 45AAB5AB1970636F0078A7F9 /* Build configuration list for PBXNativeTarget "Bowdoin Dining" */;
			buildPhases = (
				45AAB5841970636E0078A7F9 /* Sources */,
				45AAB5851970636E0078A7F9 /* Frameworks */,
				45AAB5861970636E0078A7F9 /* Resources */,
				454158051BF4137A00894DEB /* Embed Watch Content */,
			);
			buildRules = (
			);
			dependencies = (
			);
			name = "Bowdoin Dining";
			productName = "Bowdoin Dining";
			productReference = 45AAB5881970636E0078A7F9 /* Bowdoin Dining.app */;
			productType = "com.apple.product-type.application";
		};
		45AAB5A01970636F0078A7F9 /* Bowdoin DiningTests */ = {
			isa = PBXNativeTarget;
			buildConfigurationList = 45AAB5AE1970636F0078A7F9 /* Build configuration list for PBXNativeTarget "Bowdoin DiningTests" */;
			buildPhases = (
				45AAB59D1970636F0078A7F9 /* Sources */,
				45AAB59E1970636F0078A7F9 /* Frameworks */,
				45AAB59F1970636F0078A7F9 /* Resources */,
			);
			buildRules = (
			);
			dependencies = (
				45AAB5A31970636F0078A7F9 /* PBXTargetDependency */,
			);
			name = "Bowdoin DiningTests";
			productName = "Bowdoin DiningTests";
			productReference = 45AAB5A11970636F0078A7F9 /* Bowdoin DiningTests.xctest */;
			productType = "com.apple.product-type.bundle.unit-test";
		};
/* End PBXNativeTarget section */

/* Begin PBXProject section */
		45AAB5801970636E0078A7F9 /* Project object */ = {
			isa = PBXProject;
			attributes = {
				LastSwiftUpdateCheck = 0700;
				LastUpgradeCheck = 0700;
				TargetAttributes = {
					457E8F651B0548A300BA720A = {
						CreatedOnToolsVersion = 6.3.1;
					};
					457E8F761B0548A300BA720A = {
						CreatedOnToolsVersion = 6.3.1;
						TestTargetID = 457E8F651B0548A300BA720A;
					};
					45AAB5871970636E0078A7F9 = {
						CreatedOnToolsVersion = 6.0;
						DevelopmentTeam = FG7AYYTX96;
						SystemCapabilities = {
							com.apple.BackgroundModes = {
								enabled = 0;
							};
						};
					};
					45AAB5A01970636F0078A7F9 = {
						CreatedOnToolsVersion = 6.0;
						TestTargetID = 45AAB5871970636E0078A7F9;
					};
				};
			};
			buildConfigurationList = 45AAB5831970636E0078A7F9 /* Build configuration list for PBXProject "Bowdoin Dining" */;
			compatibilityVersion = "Xcode 3.2";
			developmentRegion = English;
			hasScannedForEncodings = 0;
			knownRegions = (
				en,
				Base,
			);
			mainGroup = 45AAB57F1970636E0078A7F9;
			productRefGroup = 45AAB5891970636E0078A7F9 /* Products */;
			projectDirPath = "";
			projectRoot = "";
			targets = (
				45AAB5871970636E0078A7F9 /* Bowdoin Dining */,
				45AAB5A01970636F0078A7F9 /* Bowdoin DiningTests */,
				457E8F651B0548A300BA720A /* Bowdoin Dining for Mac */,
				457E8F761B0548A300BA720A /* Bowdoin Dining for MacTests */,
			);
		};
/* End PBXProject section */

/* Begin PBXResourcesBuildPhase section */
		457E8F641B0548A300BA720A /* Resources */ = {
			isa = PBXResourcesBuildPhase;
			buildActionMask = 2147483647;
			files = (
				457E8F6F1B0548A300BA720A /* Images.xcassets in Resources */,
				457E8F721B0548A300BA720A /* Main.storyboard in Resources */,
			);
			runOnlyForDeploymentPostprocessing = 0;
		};
		457E8F751B0548A300BA720A /* Resources */ = {
			isa = PBXResourcesBuildPhase;
			buildActionMask = 2147483647;
			files = (
			);
			runOnlyForDeploymentPostprocessing = 0;
		};
		45AAB5861970636E0078A7F9 /* Resources */ = {
			isa = PBXResourcesBuildPhase;
			buildActionMask = 2147483647;
			files = (
				4552AD661997D23E00F2BBF5 /* Main.storyboard in Resources */,
				455280DB1975FD27006C2DEA /* pub-menu.pdf in Resources */,
				4563386519E77E040042B372 /* TransactionCell.xib in Resources */,
				45AAB59C1970636E0078A7F9 /* Images.xcassets in Resources */,
				4563386919E7901A0042B372 /* Launch Screen.xib in Resources */,
				453544A61BF5A38E00F6D84B /* Default-568h@2x.png in Resources */,
			);
			runOnlyForDeploymentPostprocessing = 0;
		};
		45AAB59F1970636F0078A7F9 /* Resources */ = {
			isa = PBXResourcesBuildPhase;
			buildActionMask = 2147483647;
			files = (
			);
			runOnlyForDeploymentPostprocessing = 0;
		};
/* End PBXResourcesBuildPhase section */

/* Begin PBXSourcesBuildPhase section */
		457E8F621B0548A300BA720A /* Sources */ = {
			isa = PBXSourcesBuildPhase;
			buildActionMask = 2147483647;
			files = (
				457E8F6D1B0548A300BA720A /* ViewController.swift in Sources */,
				457E8F6B1B0548A300BA720A /* AppDelegate.swift in Sources */,
			);
			runOnlyForDeploymentPostprocessing = 0;
		};
		457E8F731B0548A300BA720A /* Sources */ = {
			isa = PBXSourcesBuildPhase;
			buildActionMask = 2147483647;
			files = (
				457E8F7E1B0548A300BA720A /* Bowdoin_Dining_for_MacTests.swift in Sources */,
			);
			runOnlyForDeploymentPostprocessing = 0;
		};
		45AAB5841970636E0078A7F9 /* Sources */ = {
			isa = PBXSourcesBuildPhase;
			buildActionMask = 2147483647;
			files = (
				45FDA6CA197F3F0D00C8F6BD /* AccountViewController.swift in Sources */,
				4563386719E77F320042B372 /* TransactionCell.swift in Sources */,
				45A693231A966A4600B61E82 /* BowdoinAPIParser.swift in Sources */,
				455578CA19E7552E004A4B21 /* Transaction.swift in Sources */,
				45A64F8D1986B02600EF19DE /* GDataXMLNode.m in Sources */,
				45BE7FBA1978E09F0024167A /* LoginModalViewController.swift in Sources */,
				45A9205F197815AB00768D46 /* PubViewController.swift in Sources */,
				459D4C821983199B00573069 /* Menus.swift in Sources */,
				45A64F8F198712E600EF19DE /* BowdoinAPIController.swift in Sources */,
				45A9206119781AF400768D46 /* SettingsViewController.swift in Sources */,
				45BE7FBE19799CC90024167A /* MenuItem.swift in Sources */,
				45BE7FBC197995C80024167A /* Course.swift in Sources */,
				457B28D01AE8113A002DCA8A /* MenuViewController.swift in Sources */,
				45A9206319781F7A00768D46 /* AppDelegate.swift in Sources */,
				45BE7FB51978567A0024167A /* User.swift in Sources */,
				4508C6011A9EB548007411D6 /* Utilities.swift in Sources */,
				455578C819E75017004A4B21 /* TransactionsViewController.swift in Sources */,
			);
			runOnlyForDeploymentPostprocessing = 0;
		};
		45AAB59D1970636F0078A7F9 /* Sources */ = {
			isa = PBXSourcesBuildPhase;
			buildActionMask = 2147483647;
			files = (
				45AAB5A81970636F0078A7F9 /* Bowdoin_DiningTests.m in Sources */,
			);
			runOnlyForDeploymentPostprocessing = 0;
		};
/* End PBXSourcesBuildPhase section */

/* Begin PBXTargetDependency section */
		457E8F791B0548A300BA720A /* PBXTargetDependency */ = {
			isa = PBXTargetDependency;
			target = 457E8F651B0548A300BA720A /* Bowdoin Dining for Mac */;
			targetProxy = 457E8F781B0548A300BA720A /* PBXContainerItemProxy */;
		};
		45AAB5A31970636F0078A7F9 /* PBXTargetDependency */ = {
			isa = PBXTargetDependency;
			target = 45AAB5871970636E0078A7F9 /* Bowdoin Dining */;
			targetProxy = 45AAB5A21970636F0078A7F9 /* PBXContainerItemProxy */;
		};
/* End PBXTargetDependency section */

/* Begin PBXVariantGroup section */
		457E8F701B0548A300BA720A /* Main.storyboard */ = {
			isa = PBXVariantGroup;
			children = (
				457E8F711B0548A300BA720A /* Base */,
			);
			name = Main.storyboard;
			sourceTree = "<group>";
		};
/* End PBXVariantGroup section */

/* Begin XCBuildConfiguration section */
		457E8F7F1B0548A300BA720A /* Debug */ = {
			isa = XCBuildConfiguration;
			buildSettings = {
				ASSETCATALOG_COMPILER_APPICON_NAME = AppIcon;
				CODE_SIGN_IDENTITY = "-";
				COMBINE_HIDPI_IMAGES = YES;
				DEBUG_INFORMATION_FORMAT = dwarf;
				GCC_NO_COMMON_BLOCKS = YES;
				GCC_PREPROCESSOR_DEFINITIONS = (
					"DEBUG=1",
					"$(inherited)",
				);
				INFOPLIST_FILE = "Bowdoin Dining for Mac/Info.plist";
				LD_RUNPATH_SEARCH_PATHS = "$(inherited) @executable_path/../Frameworks";
				MACOSX_DEPLOYMENT_TARGET = 10.10;
				MTL_ENABLE_DEBUG_INFO = YES;
				PRODUCT_BUNDLE_IDENTIFIER = "Ruben.Codes.$(PRODUCT_NAME:rfc1034identifier)";
				PRODUCT_NAME = "$(TARGET_NAME)";
				SDKROOT = macosx;
				SWIFT_OPTIMIZATION_LEVEL = "-Onone";
			};
			name = Debug;
		};
		457E8F801B0548A300BA720A /* Release */ = {
			isa = XCBuildConfiguration;
			buildSettings = {
				ASSETCATALOG_COMPILER_APPICON_NAME = AppIcon;
				CODE_SIGN_IDENTITY = "-";
				COMBINE_HIDPI_IMAGES = YES;
				COPY_PHASE_STRIP = NO;
				DEBUG_INFORMATION_FORMAT = "dwarf-with-dsym";
				GCC_NO_COMMON_BLOCKS = YES;
				INFOPLIST_FILE = "Bowdoin Dining for Mac/Info.plist";
				LD_RUNPATH_SEARCH_PATHS = "$(inherited) @executable_path/../Frameworks";
				MACOSX_DEPLOYMENT_TARGET = 10.10;
				MTL_ENABLE_DEBUG_INFO = NO;
				PRODUCT_BUNDLE_IDENTIFIER = "Ruben.Codes.$(PRODUCT_NAME:rfc1034identifier)";
				PRODUCT_NAME = "$(TARGET_NAME)";
				SDKROOT = macosx;
			};
			name = Release;
		};
		457E8F811B0548A300BA720A /* Debug */ = {
			isa = XCBuildConfiguration;
			buildSettings = {
				BUNDLE_LOADER = "$(TEST_HOST)";
				COMBINE_HIDPI_IMAGES = YES;
				DEBUG_INFORMATION_FORMAT = dwarf;
				FRAMEWORK_SEARCH_PATHS = (
					"$(DEVELOPER_FRAMEWORKS_DIR)",
					"$(inherited)",
				);
				GCC_NO_COMMON_BLOCKS = YES;
				GCC_PREPROCESSOR_DEFINITIONS = (
					"DEBUG=1",
					"$(inherited)",
				);
				INFOPLIST_FILE = "Bowdoin Dining for MacTests/Info.plist";
				LD_RUNPATH_SEARCH_PATHS = "$(inherited) @executable_path/../Frameworks @loader_path/../Frameworks";
				MACOSX_DEPLOYMENT_TARGET = 10.10;
				MTL_ENABLE_DEBUG_INFO = YES;
				PRODUCT_BUNDLE_IDENTIFIER = "Ruben.Codes.$(PRODUCT_NAME:rfc1034identifier)";
				PRODUCT_NAME = "$(TARGET_NAME)";
				SDKROOT = macosx;
				TEST_HOST = "$(BUILT_PRODUCTS_DIR)/Bowdoin Dining for Mac.app/Contents/MacOS/Bowdoin Dining for Mac";
			};
			name = Debug;
		};
		457E8F821B0548A300BA720A /* Release */ = {
			isa = XCBuildConfiguration;
			buildSettings = {
				BUNDLE_LOADER = "$(TEST_HOST)";
				COMBINE_HIDPI_IMAGES = YES;
				COPY_PHASE_STRIP = NO;
				DEBUG_INFORMATION_FORMAT = "dwarf-with-dsym";
				FRAMEWORK_SEARCH_PATHS = (
					"$(DEVELOPER_FRAMEWORKS_DIR)",
					"$(inherited)",
				);
				GCC_NO_COMMON_BLOCKS = YES;
				INFOPLIST_FILE = "Bowdoin Dining for MacTests/Info.plist";
				LD_RUNPATH_SEARCH_PATHS = "$(inherited) @executable_path/../Frameworks @loader_path/../Frameworks";
				MACOSX_DEPLOYMENT_TARGET = 10.10;
				MTL_ENABLE_DEBUG_INFO = NO;
				PRODUCT_BUNDLE_IDENTIFIER = "Ruben.Codes.$(PRODUCT_NAME:rfc1034identifier)";
				PRODUCT_NAME = "$(TARGET_NAME)";
				SDKROOT = macosx;
				TEST_HOST = "$(BUILT_PRODUCTS_DIR)/Bowdoin Dining for Mac.app/Contents/MacOS/Bowdoin Dining for Mac";
			};
			name = Release;
		};
		45AAB5A91970636F0078A7F9 /* Debug */ = {
			isa = XCBuildConfiguration;
			buildSettings = {
				ALWAYS_SEARCH_USER_PATHS = NO;
				CLANG_CXX_LANGUAGE_STANDARD = "gnu++0x";
				CLANG_CXX_LIBRARY = "libc++";
				CLANG_ENABLE_MODULES = YES;
				CLANG_ENABLE_OBJC_ARC = YES;
				CLANG_WARN_BOOL_CONVERSION = YES;
				CLANG_WARN_CONSTANT_CONVERSION = YES;
				CLANG_WARN_DIRECT_OBJC_ISA_USAGE = YES_ERROR;
				CLANG_WARN_EMPTY_BODY = YES;
				CLANG_WARN_ENUM_CONVERSION = YES;
				CLANG_WARN_INT_CONVERSION = YES;
				CLANG_WARN_OBJC_ROOT_CLASS = YES_ERROR;
				CLANG_WARN_UNREACHABLE_CODE = YES;
				CLANG_WARN__DUPLICATE_METHOD_MATCH = YES;
				"CODE_SIGN_IDENTITY[sdk=iphoneos*]" = "iPhone Developer";
				COPY_PHASE_STRIP = NO;
				ENABLE_STRICT_OBJC_MSGSEND = YES;
				ENABLE_TESTABILITY = YES;
				GCC_C_LANGUAGE_STANDARD = gnu99;
				GCC_DYNAMIC_NO_PIC = NO;
				GCC_OPTIMIZATION_LEVEL = 0;
				GCC_PREPROCESSOR_DEFINITIONS = (
					"DEBUG=1",
					"$(inherited)",
				);
				GCC_SYMBOLS_PRIVATE_EXTERN = NO;
				GCC_WARN_64_TO_32_BIT_CONVERSION = YES;
				GCC_WARN_ABOUT_RETURN_TYPE = YES_ERROR;
				GCC_WARN_UNDECLARED_SELECTOR = YES;
				GCC_WARN_UNINITIALIZED_AUTOS = YES_AGGRESSIVE;
				GCC_WARN_UNUSED_FUNCTION = YES;
				GCC_WARN_UNUSED_VARIABLE = YES;
				IPHONEOS_DEPLOYMENT_TARGET = 8.0;
				METAL_ENABLE_DEBUG_INFO = YES;
				ONLY_ACTIVE_ARCH = YES;
				SDKROOT = iphoneos;
			};
			name = Debug;
		};
		45AAB5AA1970636F0078A7F9 /* Release */ = {
			isa = XCBuildConfiguration;
			buildSettings = {
				ALWAYS_SEARCH_USER_PATHS = NO;
				CLANG_CXX_LANGUAGE_STANDARD = "gnu++0x";
				CLANG_CXX_LIBRARY = "libc++";
				CLANG_ENABLE_MODULES = YES;
				CLANG_ENABLE_OBJC_ARC = YES;
				CLANG_WARN_BOOL_CONVERSION = YES;
				CLANG_WARN_CONSTANT_CONVERSION = YES;
				CLANG_WARN_DIRECT_OBJC_ISA_USAGE = YES_ERROR;
				CLANG_WARN_EMPTY_BODY = YES;
				CLANG_WARN_ENUM_CONVERSION = YES;
				CLANG_WARN_INT_CONVERSION = YES;
				CLANG_WARN_OBJC_ROOT_CLASS = YES_ERROR;
				CLANG_WARN_UNREACHABLE_CODE = YES;
				CLANG_WARN__DUPLICATE_METHOD_MATCH = YES;
				"CODE_SIGN_IDENTITY[sdk=iphoneos*]" = "iPhone Developer";
				COPY_PHASE_STRIP = YES;
				ENABLE_NS_ASSERTIONS = NO;
				ENABLE_STRICT_OBJC_MSGSEND = YES;
				GCC_C_LANGUAGE_STANDARD = gnu99;
				GCC_WARN_64_TO_32_BIT_CONVERSION = YES;
				GCC_WARN_ABOUT_RETURN_TYPE = YES_ERROR;
				GCC_WARN_UNDECLARED_SELECTOR = YES;
				GCC_WARN_UNINITIALIZED_AUTOS = YES_AGGRESSIVE;
				GCC_WARN_UNUSED_FUNCTION = YES;
				GCC_WARN_UNUSED_VARIABLE = YES;
				IPHONEOS_DEPLOYMENT_TARGET = 8.0;
				METAL_ENABLE_DEBUG_INFO = NO;
				SDKROOT = iphoneos;
				VALIDATE_PRODUCT = YES;
			};
			name = Release;
		};
		45AAB5AC1970636F0078A7F9 /* Debug */ = {
			isa = XCBuildConfiguration;
			buildSettings = {
				ASSETCATALOG_COMPILER_APPICON_NAME = AppIcon;
				CLANG_ENABLE_MODULES = YES;
				CODE_SIGN_IDENTITY = "iPhone Developer";
				"CODE_SIGN_IDENTITY[sdk=iphoneos*]" = "iPhone Developer";
				DEFINES_MODULE = YES;
				HEADER_SEARCH_PATHS = (
					"$(inherited)",
					"/Applications/Xcode6-Beta2.app/Contents/Developer/Toolchains/XcodeDefault.xctoolchain/usr/include,/usr/include/libxml2",
					/usr/include/libxml2,
				);
				INFOPLIST_FILE = "Bowdoin Dining/Info.plist";
				IPHONEOS_DEPLOYMENT_TARGET = 8.0;
				LD_RUNPATH_SEARCH_PATHS = "$(inherited) @executable_path/Frameworks";
				OTHER_LDFLAGS = "-lxml2";
				"OTHER_LDFLAGS[arch=*]" = (
					"-lxml2",
					"-ObjC",
				);
				PRODUCT_BUNDLE_IDENTIFIER = "rubencodes.${PRODUCT_NAME:rfc1034identifier}";
				PRODUCT_MODULE_NAME = BowdoinDining;
				PRODUCT_NAME = "$(TARGET_NAME)";
				PROVISIONING_PROFILE = "";
				SWIFT_OBJC_BRIDGING_HEADER = "Bowdoin Dining/Bowdoin Dining-Bridging-Header.h";
				SWIFT_OPTIMIZATION_LEVEL = "-Onone";
			};
			name = Debug;
		};
		45AAB5AD1970636F0078A7F9 /* Release */ = {
			isa = XCBuildConfiguration;
			buildSettings = {
				ASSETCATALOG_COMPILER_APPICON_NAME = AppIcon;
				CLANG_ENABLE_MODULES = YES;
				CODE_SIGN_IDENTITY = "iPhone Developer";
				"CODE_SIGN_IDENTITY[sdk=iphoneos*]" = "iPhone Developer";
				DEFINES_MODULE = YES;
				HEADER_SEARCH_PATHS = (
					"$(inherited)",
					"/Applications/Xcode6-Beta2.app/Contents/Developer/Toolchains/XcodeDefault.xctoolchain/usr/include,/usr/include/libxml2",
					/usr/include/libxml2,
				);
				INFOPLIST_FILE = "Bowdoin Dining/Info.plist";
				IPHONEOS_DEPLOYMENT_TARGET = 8.0;
				LD_RUNPATH_SEARCH_PATHS = "$(inherited) @executable_path/Frameworks";
				OTHER_LDFLAGS = "-lxml2";
				"OTHER_LDFLAGS[arch=*]" = (
					"-lxml2",
					"-ObjC",
				);
				PRODUCT_BUNDLE_IDENTIFIER = "rubencodes.${PRODUCT_NAME:rfc1034identifier}";
				PRODUCT_MODULE_NAME = BowdoinDining;
				PRODUCT_NAME = "$(TARGET_NAME)";
				PROVISIONING_PROFILE = "";
				SWIFT_OBJC_BRIDGING_HEADER = "Bowdoin Dining/Bowdoin Dining-Bridging-Header.h";
			};
			name = Release;
		};
		45AAB5AF1970636F0078A7F9 /* Debug */ = {
			isa = XCBuildConfiguration;
			buildSettings = {
				BUNDLE_LOADER = "$(BUILT_PRODUCTS_DIR)/Bowdoin Dining.app/Bowdoin Dining";
				FRAMEWORK_SEARCH_PATHS = (
					"$(SDKROOT)/Developer/Library/Frameworks",
					"$(inherited)",
				);
				GCC_PREPROCESSOR_DEFINITIONS = (
					"DEBUG=1",
					"$(inherited)",
				);
				INFOPLIST_FILE = "Bowdoin DiningTests/Info.plist";
				LD_RUNPATH_SEARCH_PATHS = "$(inherited) @executable_path/Frameworks @loader_path/Frameworks";
				METAL_ENABLE_DEBUG_INFO = YES;
				PRODUCT_BUNDLE_IDENTIFIER = "rubencodes.Bowdoin-Dining";
				PRODUCT_NAME = "$(TARGET_NAME)";
				TEST_HOST = "$(BUNDLE_LOADER)";
			};
			name = Debug;
		};
		45AAB5B01970636F0078A7F9 /* Release */ = {
			isa = XCBuildConfiguration;
			buildSettings = {
				BUNDLE_LOADER = "$(BUILT_PRODUCTS_DIR)/Bowdoin Dining.app/Bowdoin Dining";
				FRAMEWORK_SEARCH_PATHS = (
					"$(SDKROOT)/Developer/Library/Frameworks",
					"$(inherited)",
				);
				INFOPLIST_FILE = "Bowdoin DiningTests/Info.plist";
				LD_RUNPATH_SEARCH_PATHS = "$(inherited) @executable_path/Frameworks @loader_path/Frameworks";
				METAL_ENABLE_DEBUG_INFO = NO;
				PRODUCT_BUNDLE_IDENTIFIER = "rubencodes.Bowdoin-Dining";
				PRODUCT_NAME = "$(TARGET_NAME)";
				TEST_HOST = "$(BUNDLE_LOADER)";
			};
			name = Release;
		};
/* End XCBuildConfiguration section */

/* Begin XCConfigurationList section */
		457E8F831B0548A300BA720A /* Build configuration list for PBXNativeTarget "Bowdoin Dining for Mac" */ = {
			isa = XCConfigurationList;
			buildConfigurations = (
				457E8F7F1B0548A300BA720A /* Debug */,
				457E8F801B0548A300BA720A /* Release */,
			);
			defaultConfigurationIsVisible = 0;
			defaultConfigurationName = Release;
		};
		457E8F841B0548A300BA720A /* Build configuration list for PBXNativeTarget "Bowdoin Dining for MacTests" */ = {
			isa = XCConfigurationList;
			buildConfigurations = (
				457E8F811B0548A300BA720A /* Debug */,
				457E8F821B0548A300BA720A /* Release */,
			);
			defaultConfigurationIsVisible = 0;
			defaultConfigurationName = Release;
		};
		45AAB5831970636E0078A7F9 /* Build configuration list for PBXProject "Bowdoin Dining" */ = {
			isa = XCConfigurationList;
			buildConfigurations = (
				45AAB5A91970636F0078A7F9 /* Debug */,
				45AAB5AA1970636F0078A7F9 /* Release */,
			);
			defaultConfigurationIsVisible = 0;
			defaultConfigurationName = Release;
		};
		45AAB5AB1970636F0078A7F9 /* Build configuration list for PBXNativeTarget "Bowdoin Dining" */ = {
			isa = XCConfigurationList;
			buildConfigurations = (
				45AAB5AC1970636F0078A7F9 /* Debug */,
				45AAB5AD1970636F0078A7F9 /* Release */,
			);
			defaultConfigurationIsVisible = 0;
			defaultConfigurationName = Release;
		};
		45AAB5AE1970636F0078A7F9 /* Build configuration list for PBXNativeTarget "Bowdoin DiningTests" */ = {
			isa = XCConfigurationList;
			buildConfigurations = (
				45AAB5AF1970636F0078A7F9 /* Debug */,
				45AAB5B01970636F0078A7F9 /* Release */,
			);
			defaultConfigurationIsVisible = 0;
			defaultConfigurationName = Release;
		};
/* End XCConfigurationList section */
	};
	rootObject = 45AAB5801970636E0078A7F9 /* Project object */;
}
