// !$*UTF8*$!
{
	archiveVersion = 1;
	classes = {
	};
	objectVersion = 46;
	objects = {

/* Begin PBXBuildFile section */
		45AAB58E1970636E0078A7F9 /* main.m in Sources */ = {isa = PBXBuildFile; fileRef = 45AAB58D1970636E0078A7F9 /* main.m */; };
		45AAB5911970636E0078A7F9 /* AppDelegate.m in Sources */ = {isa = PBXBuildFile; fileRef = 45AAB5901970636E0078A7F9 /* AppDelegate.m */; };
		45AAB5941970636E0078A7F9 /* FirstViewController.m in Sources */ = {isa = PBXBuildFile; fileRef = 45AAB5931970636E0078A7F9 /* FirstViewController.m */; };
		45AAB5971970636E0078A7F9 /* SecondViewController.m in Sources */ = {isa = PBXBuildFile; fileRef = 45AAB5961970636E0078A7F9 /* SecondViewController.m */; };
		45AAB59A1970636E0078A7F9 /* Main.storyboard in Resources */ = {isa = PBXBuildFile; fileRef = 45AAB5981970636E0078A7F9 /* Main.storyboard */; };
		45AAB59C1970636E0078A7F9 /* Images.xcassets in Resources */ = {isa = PBXBuildFile; fileRef = 45AAB59B1970636E0078A7F9 /* Images.xcassets */; };
		45AAB5A81970636F0078A7F9 /* Bowdoin_DiningTests.m in Sources */ = {isa = PBXBuildFile; fileRef = 45AAB5A71970636F0078A7F9 /* Bowdoin_DiningTests.m */; };
/* End PBXBuildFile section */

/* Begin PBXContainerItemProxy section */
		45AAB5A21970636F0078A7F9 /* PBXContainerItemProxy */ = {
			isa = PBXContainerItemProxy;
			containerPortal = 45AAB5801970636E0078A7F9 /* Project object */;
			proxyType = 1;
			remoteGlobalIDString = 45AAB5871970636E0078A7F9;
			remoteInfo = "Bowdoin Dining";
		};
/* End PBXContainerItemProxy section */

/* Begin PBXFileReference section */
		45AAB5881970636E0078A7F9 /* Bowdoin Dining.app */ = {isa = PBXFileReference; explicitFileType = wrapper.application; includeInIndex = 0; path = "Bowdoin Dining.app"; sourceTree = BUILT_PRODUCTS_DIR; };
		45AAB58C1970636E0078A7F9 /* Info.plist */ = {isa = PBXFileReference; lastKnownFileType = text.plist.xml; path = Info.plist; sourceTree = "<group>"; };
		45AAB58D1970636E0078A7F9 /* main.m */ = {isa = PBXFileReference; lastKnownFileType = sourcecode.c.objc; path = main.m; sourceTree = "<group>"; };
		45AAB58F1970636E0078A7F9 /* AppDelegate.h */ = {isa = PBXFileReference; lastKnownFileType = sourcecode.c.h; path = AppDelegate.h; sourceTree = "<group>"; };
		45AAB5901970636E0078A7F9 /* AppDelegate.m */ = {isa = PBXFileReference; lastKnownFileType = sourcecode.c.objc; path = AppDelegate.m; sourceTree = "<group>"; };
		45AAB5921970636E0078A7F9 /* FirstViewController.h */ = {isa = PBXFileReference; lastKnownFileType = sourcecode.c.h; path = FirstViewController.h; sourceTree = "<group>"; };
		45AAB5931970636E0078A7F9 /* FirstViewController.m */ = {isa = PBXFileReference; lastKnownFileType = sourcecode.c.objc; path = FirstViewController.m; sourceTree = "<group>"; };
		45AAB5951970636E0078A7F9 /* SecondViewController.h */ = {isa = PBXFileReference; lastKnownFileType = sourcecode.c.h; path = SecondViewController.h; sourceTree = "<group>"; };
		45AAB5961970636E0078A7F9 /* SecondViewController.m */ = {isa = PBXFileReference; lastKnownFileType = sourcecode.c.objc; path = SecondViewController.m; sourceTree = "<group>"; };
		45AAB5991970636E0078A7F9 /* Base */ = {isa = PBXFileReference; lastKnownFileType = file.storyboard; name = Base; path = Base.lproj/Main.storyboard; sourceTree = "<group>"; };
		45AAB59B1970636E0078A7F9 /* Images.xcassets */ = {isa = PBXFileReference; lastKnownFileType = folder.assetcatalog; path = Images.xcassets; sourceTree = "<group>"; };
		45AAB5A11970636F0078A7F9 /* Bowdoin DiningTests.xctest */ = {isa = PBXFileReference; explicitFileType = wrapper.cfbundle; includeInIndex = 0; path = "Bowdoin DiningTests.xctest"; sourceTree = BUILT_PRODUCTS_DIR; };
		45AAB5A61970636F0078A7F9 /* Info.plist */ = {isa = PBXFileReference; lastKnownFileType = text.plist.xml; path = Info.plist; sourceTree = "<group>"; };
		45AAB5A71970636F0078A7F9 /* Bowdoin_DiningTests.m */ = {isa = PBXFileReference; lastKnownFileType = sourcecode.c.objc; path = Bowdoin_DiningTests.m; sourceTree = "<group>"; };
/* End PBXFileReference section */

/* Begin PBXFrameworksBuildPhase section */
		45AAB5851970636E0078A7F9 /* Frameworks */ = {
			isa = PBXFrameworksBuildPhase;
			buildActionMask = 2147483647;
			files = (
			);
			runOnlyForDeploymentPostprocessing = 0;
		};
		45AAB59E1970636F0078A7F9 /* Frameworks */ = {
			isa = PBXFrameworksBuildPhase;
			buildActionMask = 2147483647;
			files = (
			);
			runOnlyForDeploymentPostprocessing = 0;
		};
/* End PBXFrameworksBuildPhase section */

/* Begin PBXGroup section */
		45AAB57F1970636E0078A7F9 = {
			isa = PBXGroup;
			children = (
				45AAB58A1970636E0078A7F9 /* Bowdoin Dining */,
				45AAB5A41970636F0078A7F9 /* Bowdoin DiningTests */,
				45AAB5891970636E0078A7F9 /* Products */,
			);
			sourceTree = "<group>";
		};
		45AAB5891970636E0078A7F9 /* Products */ = {
			isa = PBXGroup;
			children = (
				45AAB5881970636E0078A7F9 /* Bowdoin Dining.app */,
				45AAB5A11970636F0078A7F9 /* Bowdoin DiningTests.xctest */,
			);
			name = Products;
			sourceTree = "<group>";
		};
		45AAB58A1970636E0078A7F9 /* Bowdoin Dining */ = {
			isa = PBXGroup;
			children = (
				45AAB58F1970636E0078A7F9 /* AppDelegate.h */,
				45AAB5901970636E0078A7F9 /* AppDelegate.m */,
				45AAB5921970636E0078A7F9 /* FirstViewController.h */,
				45AAB5931970636E0078A7F9 /* FirstViewController.m */,
				45AAB5951970636E0078A7F9 /* SecondViewController.h */,
				45AAB5961970636E0078A7F9 /* SecondViewController.m */,
				45AAB5981970636E0078A7F9 /* Main.storyboard */,
				45AAB59B1970636E0078A7F9 /* Images.xcassets */,
				45AAB58B1970636E0078A7F9 /* Supporting Files */,
			);
			path = "Bowdoin Dining";
			sourceTree = "<group>";
		};
		45AAB58B1970636E0078A7F9 /* Supporting Files */ = {
			isa = PBXGroup;
			children = (
				45AAB58C1970636E0078A7F9 /* Info.plist */,
				45AAB58D1970636E0078A7F9 /* main.m */,
			);
			name = "Supporting Files";
			sourceTree = "<group>";
		};
		45AAB5A41970636F0078A7F9 /* Bowdoin DiningTests */ = {
			isa = PBXGroup;
			children = (
				45AAB5A71970636F0078A7F9 /* Bowdoin_DiningTests.m */,
				45AAB5A51970636F0078A7F9 /* Supporting Files */,
			);
			path = "Bowdoin DiningTests";
			sourceTree = "<group>";
		};
		45AAB5A51970636F0078A7F9 /* Supporting Files */ = {
			isa = PBXGroup;
			children = (
				45AAB5A61970636F0078A7F9 /* Info.plist */,
			);
			name = "Supporting Files";
			sourceTree = "<group>";
		};
/* End PBXGroup section */

/* Begin PBXNativeTarget section */
		45AAB5871970636E0078A7F9 /* Bowdoin Dining */ = {
			isa = PBXNativeTarget;
			buildConfigurationList = 45AAB5AB1970636F0078A7F9 /* Build configuration list for PBXNativeTarget "Bowdoin Dining" */;
			buildPhases = (
				45AAB5841970636E0078A7F9 /* Sources */,
				45AAB5851970636E0078A7F9 /* Frameworks */,
				45AAB5861970636E0078A7F9 /* Resources */,
			);
			buildRules = (
			);
			dependencies = (
			);
			name = "Bowdoin Dining";
			productName = "Bowdoin Dining";
			productReference = 45AAB5881970636E0078A7F9 /* Bowdoin Dining.app */;
			productType = "com.apple.product-type.application";
		};
		45AAB5A01970636F0078A7F9 /* Bowdoin DiningTests */ = {
			isa = PBXNativeTarget;
			buildConfigurationList = 45AAB5AE1970636F0078A7F9 /* Build configuration list for PBXNativeTarget "Bowdoin DiningTests" */;
			buildPhases = (
				45AAB59D1970636F0078A7F9 /* Sources */,
				45AAB59E1970636F0078A7F9 /* Frameworks */,
				45AAB59F1970636F0078A7F9 /* Resources */,
			);
			buildRules = (
			);
			dependencies = (
				45AAB5A31970636F0078A7F9 /* PBXTargetDependency */,
			);
			name = "Bowdoin DiningTests";
			productName = "Bowdoin DiningTests";
			productReference = 45AAB5A11970636F0078A7F9 /* Bowdoin DiningTests.xctest */;
			productType = "com.apple.product-type.bundle.unit-test";
		};
/* End PBXNativeTarget section */

/* Begin PBXProject section */
		45AAB5801970636E0078A7F9 /* Project object */ = {
			isa = PBXProject;
			attributes = {
				LastUpgradeCheck = 0600;
				TargetAttributes = {
					45AAB5871970636E0078A7F9 = {
						CreatedOnToolsVersion = 6.0;
					};
					45AAB5A01970636F0078A7F9 = {
						CreatedOnToolsVersion = 6.0;
						TestTargetID = 45AAB5871970636E0078A7F9;
					};
				};
			};
			buildConfigurationList = 45AAB5831970636E0078A7F9 /* Build configuration list for PBXProject "Bowdoin Dining" */;
			compatibilityVersion = "Xcode 3.2";
			developmentRegion = English;
			hasScannedForEncodings = 0;
			knownRegions = (
				en,
				Base,
			);
			mainGroup = 45AAB57F1970636E0078A7F9;
			productRefGroup = 45AAB5891970636E0078A7F9 /* Products */;
			projectDirPath = "";
			projectRoot = "";
			targets = (
				45AAB5871970636E0078A7F9 /* Bowdoin Dining */,
				45AAB5A01970636F0078A7F9 /* Bowdoin DiningTests */,
			);
		};
/* End PBXProject section */

/* Begin PBXResourcesBuildPhase section */
		45AAB5861970636E0078A7F9 /* Resources */ = {
			isa = PBXResourcesBuildPhase;
			buildActionMask = 2147483647;
			files = (
				45AAB59A1970636E0078A7F9 /* Main.storyboard in Resources */,
				45AAB59C1970636E0078A7F9 /* Images.xcassets in Resources */,
			);
			runOnlyForDeploymentPostprocessing = 0;
		};
		45AAB59F1970636F0078A7F9 /* Resources */ = {
			isa = PBXResourcesBuildPhase;
			buildActionMask = 2147483647;
			files = (
			);
			runOnlyForDeploymentPostprocessing = 0;
		};
/* End PBXResourcesBuildPhase section */

/* Begin PBXSourcesBuildPhase section */
		45AAB5841970636E0078A7F9 /* Sources */ = {
			isa = PBXSourcesBuildPhase;
			buildActionMask = 2147483647;
			files = (
				45AAB5971970636E0078A7F9 /* SecondViewController.m in Sources */,
				45AAB5911970636E0078A7F9 /* AppDelegate.m in Sources */,
				45AAB5941970636E0078A7F9 /* FirstViewController.m in Sources */,
				45AAB58E1970636E0078A7F9 /* main.m in Sources */,
			);
			runOnlyForDeploymentPostprocessing = 0;
		};
		45AAB59D1970636F0078A7F9 /* Sources */ = {
			isa = PBXSourcesBuildPhase;
			buildActionMask = 2147483647;
			files = (
				45AAB5A81970636F0078A7F9 /* Bowdoin_DiningTests.m in Sources */,
			);
			runOnlyForDeploymentPostprocessing = 0;
		};
/* End PBXSourcesBuildPhase section */

/* Begin PBXTargetDependency section */
		45AAB5A31970636F0078A7F9 /* PBXTargetDependency */ = {
			isa = PBXTargetDependency;
			target = 45AAB5871970636E0078A7F9 /* Bowdoin Dining */;
			targetProxy = 45AAB5A21970636F0078A7F9 /* PBXContainerItemProxy */;
		};
/* End PBXTargetDependency section */

/* Begin PBXVariantGroup section */
		45AAB5981970636E0078A7F9 /* Main.storyboard */ = {
			isa = PBXVariantGroup;
			children = (
				45AAB5991970636E0078A7F9 /* Base */,
			);
			name = Main.storyboard;
			sourceTree = "<group>";
		};
/* End PBXVariantGroup section */

/* Begin XCBuildConfiguration section */
		45AAB5A91970636F0078A7F9 /* Debug */ = {
			isa = XCBuildConfiguration;
			buildSettings = {
				ALWAYS_SEARCH_USER_PATHS = NO;
				CLANG_CXX_LANGUAGE_STANDARD = "gnu++0x";
				CLANG_CXX_LIBRARY = "libc++";
				CLANG_ENABLE_MODULES = YES;
				CLANG_ENABLE_OBJC_ARC = YES;
				CLANG_WARN_BOOL_CONVERSION = YES;
				CLANG_WARN_CONSTANT_CONVERSION = YES;
				CLANG_WARN_DIRECT_OBJC_ISA_USAGE = YES_ERROR;
				CLANG_WARN_EMPTY_BODY = YES;
				CLANG_WARN_ENUM_CONVERSION = YES;
				CLANG_WARN_INT_CONVERSION = YES;
				CLANG_WARN_OBJC_ROOT_CLASS = YES_ERROR;
				CLANG_WARN_UNREACHABLE_CODE = YES;
				CLANG_WARN__DUPLICATE_METHOD_MATCH = YES;
				"CODE_SIGN_IDENTITY[sdk=iphoneos*]" = "iPhone Developer";
				COPY_PHASE_STRIP = NO;
				ENABLE_STRICT_OBJC_MSGSEND = YES;
				GCC_C_LANGUAGE_STANDARD = gnu99;
				GCC_DYNAMIC_NO_PIC = NO;
				GCC_OPTIMIZATION_LEVEL = 0;
				GCC_PREPROCESSOR_DEFINITIONS = (
					"DEBUG=1",
					"$(inherited)",
				);
				GCC_SYMBOLS_PRIVATE_EXTERN = NO;
				GCC_WARN_64_TO_32_BIT_CONVERSION = YES;
				GCC_WARN_ABOUT_RETURN_TYPE = YES_ERROR;
				GCC_WARN_UNDECLARED_SELECTOR = YES;
				GCC_WARN_UNINITIALIZED_AUTOS = YES_AGGRESSIVE;
				GCC_WARN_UNUSED_FUNCTION = YES;
				GCC_WARN_UNUSED_VARIABLE = YES;
				IPHONEOS_DEPLOYMENT_TARGET = 8.0;
				METAL_ENABLE_DEBUG_INFO = YES;
				ONLY_ACTIVE_ARCH = YES;
				SDKROOT = iphoneos;
			};
			name = Debug;
		};
		45AAB5AA1970636F0078A7F9 /* Release */ = {
			isa = XCBuildConfiguration;
			buildSettings = {
				ALWAYS_SEARCH_USER_PATHS = NO;
				CLANG_CXX_LANGUAGE_STANDARD = "gnu++0x";
				CLANG_CXX_LIBRARY = "libc++";
				CLANG_ENABLE_MODULES = YES;
				CLANG_ENABLE_OBJC_ARC = YES;
				CLANG_WARN_BOOL_CONVERSION = YES;
				CLANG_WARN_CONSTANT_CONVERSION = YES;
				CLANG_WARN_DIRECT_OBJC_ISA_USAGE = YES_ERROR;
				CLANG_WARN_EMPTY_BODY = YES;
				CLANG_WARN_ENUM_CONVERSION = YES;
				CLANG_WARN_INT_CONVERSION = YES;
				CLANG_WARN_OBJC_ROOT_CLASS = YES_ERROR;
				CLANG_WARN_UNREACHABLE_CODE = YES;
				CLANG_WARN__DUPLICATE_METHOD_MATCH = YES;
				"CODE_SIGN_IDENTITY[sdk=iphoneos*]" = "iPhone Developer";
				COPY_PHASE_STRIP = YES;
				ENABLE_NS_ASSERTIONS = NO;
				ENABLE_STRICT_OBJC_MSGSEND = YES;
				GCC_C_LANGUAGE_STANDARD = gnu99;
				GCC_WARN_64_TO_32_BIT_CONVERSION = YES;
				GCC_WARN_ABOUT_RETURN_TYPE = YES_ERROR;
				GCC_WARN_UNDECLARED_SELECTOR = YES;
				GCC_WARN_UNINITIALIZED_AUTOS = YES_AGGRESSIVE;
				GCC_WARN_UNUSED_FUNCTION = YES;
				GCC_WARN_UNUSED_VARIABLE = YES;
				IPHONEOS_DEPLOYMENT_TARGET = 8.0;
				METAL_ENABLE_DEBUG_INFO = NO;
				SDKROOT = iphoneos;
				VALIDATE_PRODUCT = YES;
			};
			name = Release;
		};
		45AAB5AC1970636F0078A7F9 /* Debug */ = {
			isa = XCBuildConfiguration;
			buildSettings = {
				ASSETCATALOG_COMPILER_APPICON_NAME = AppIcon;
				ASSETCATALOG_COMPILER_LAUNCHIMAGE_NAME = LaunchImage;
				INFOPLIST_FILE = "Bowdoin Dining/Info.plist";
				LD_RUNPATH_SEARCH_PATHS = "$(inherited) @executable_path/Frameworks";
				PRODUCT_NAME = "$(TARGET_NAME)";
			};
			name = Debug;
		};
		45AAB5AD1970636F0078A7F9 /* Release */ = {
			isa = XCBuildConfiguration;
			buildSettings = {
				ASSETCATALOG_COMPILER_APPICON_NAME = AppIcon;
				ASSETCATALOG_COMPILER_LAUNCHIMAGE_NAME = LaunchImage;
				INFOPLIST_FILE = "Bowdoin Dining/Info.plist";
				LD_RUNPATH_SEARCH_PATHS = "$(inherited) @executable_path/Frameworks";
				PRODUCT_NAME = "$(TARGET_NAME)";
			};
			name = Release;
		};
		45AAB5AF1970636F0078A7F9 /* Debug */ = {
			isa = XCBuildConfiguration;
			buildSettings = {
				BUNDLE_LOADER = "$(BUILT_PRODUCTS_DIR)/Bowdoin Dining.app/Bowdoin Dining";
				FRAMEWORK_SEARCH_PATHS = (
					"$(SDKROOT)/Developer/Library/Frameworks",
					"$(inherited)",
				);
				GCC_PREPROCESSOR_DEFINITIONS = (
					"DEBUG=1",
					"$(inherited)",
				);
				INFOPLIST_FILE = "Bowdoin DiningTests/Info.plist";
				LD_RUNPATH_SEARCH_PATHS = "$(inherited) @executable_path/Frameworks @loader_path/Frameworks";
				METAL_ENABLE_DEBUG_INFO = YES;
				PRODUCT_NAME = "$(TARGET_NAME)";
				TEST_HOST = "$(BUNDLE_LOADER)";
			};
			name = Debug;
		};
		45AAB5B01970636F0078A7F9 /* Release */ = {
			isa = XCBuildConfiguration;
			buildSettings = {
				BUNDLE_LOADER = "$(BUILT_PRODUCTS_DIR)/Bowdoin Dining.app/Bowdoin Dining";
				FRAMEWORK_SEARCH_PATHS = (
					"$(SDKROOT)/Developer/Library/Frameworks",
					"$(inherited)",
				);
				INFOPLIST_FILE = "Bowdoin DiningTests/Info.plist";
				LD_RUNPATH_SEARCH_PATHS = "$(inherited) @executable_path/Frameworks @loader_path/Frameworks";
				METAL_ENABLE_DEBUG_INFO = NO;
				PRODUCT_NAME = "$(TARGET_NAME)";
				TEST_HOST = "$(BUNDLE_LOADER)";
			};
			name = Release;
		};
/* End XCBuildConfiguration section */

/* Begin XCConfigurationList section */
		45AAB5831970636E0078A7F9 /* Build configuration list for PBXProject "Bowdoin Dining" */ = {
			isa = XCConfigurationList;
			buildConfigurations = (
				45AAB5A91970636F0078A7F9 /* Debug */,
				45AAB5AA1970636F0078A7F9 /* Release */,
			);
			defaultConfigurationIsVisible = 0;
			defaultConfigurationName = Release;
		};
		45AAB5AB1970636F0078A7F9 /* Build configuration list for PBXNativeTarget "Bowdoin Dining" */ = {
			isa = XCConfigurationList;
			buildConfigurations = (
				45AAB5AC1970636F0078A7F9 /* Debug */,
				45AAB5AD1970636F0078A7F9 /* Release */,
			);
			defaultConfigurationIsVisible = 0;
		};
		45AAB5AE1970636F0078A7F9 /* Build configuration list for PBXNativeTarget "Bowdoin DiningTests" */ = {
			isa = XCConfigurationList;
			buildConfigurations = (
				45AAB5AF1970636F0078A7F9 /* Debug */,
				45AAB5B01970636F0078A7F9 /* Release */,
			);
			defaultConfigurationIsVisible = 0;
		};
/* End XCConfigurationList section */
	};
	rootObject = 45AAB5801970636E0078A7F9 /* Project object */;
}
